
Microsoft Visual Studio Solution File, Format Version 12.00
# Visual Studio Version 17
VisualStudioVersion = 17.9.34723.18
MinimumVisualStudioVersion = 10.0.40219.1
Project("{FAE04EC0-301F-11D3-BF4B-00C04F79EFBC}") = "ChatWithFriends", "ChatWithFriends\ChatWithFriends.csproj", "{66DA79F4-1EF9-4228-A2EA-5140E963BFA5}"
EndProject
Global
	GlobalSection(SolutionConfigurationPlatforms) = preSolution
		Debug|Any CPU = Debug|Any CPU
		Release|Any CPU = Release|Any CPU
	EndGlobalSection
	GlobalSection(ProjectConfigurationPlatforms) = postSolution
		{66DA79F4-1EF9-4228-A2EA-5140E963BFA5}.Debug|Any CPU.ActiveCfg = Debug|Any CPU
		{66DA79F4-1EF9-4228-A2EA-5140E963BFA5}.Debug|Any CPU.Build.0 = Debug|Any CPU
		{66DA79F4-1EF9-4228-A2EA-5140E963BFA5}.Release|Any CPU.ActiveCfg = Release|Any CPU
		{66DA79F4-1EF9-4228-A2EA-5140E963BFA5}.Release|Any CPU.Build.0 = Release|Any CPU
	EndGlobalSection
	GlobalSection(SolutionProperties) = preSolution
		HideSolutionNode = FALSE
	EndGlobalSection
	GlobalSection(ExtensibilityGlobals) = postSolution
		SolutionGuid = {318C3F8C-4362-4D94-8839-562BC1DC5ACE}
	EndGlobalSection
EndGlobal
